{
  "meteor": {},
  "dependencies": {
    "basePackages": {
      "crypto-md5": {},
      "moment": {},
      "event-hooks": {}
    },
    "packages": {
      "crypto-md5": {
        "git": "https://github.com/tmeasday/meteor-crypto-md5.git",
        "tag": "v0.0.2",
        "commit": "a943bea4cffeac9a14c2825dfe57d32b9d677e6f"
      },
      "moment": {
        "git": "https://github.com/possibilities/meteor-moment.git",
        "tag": "v1.7.0",
        "commit": "c64b6ec0e714b9556f4b6643d430b868ba69d3d7"
      },
      "event-hooks": {
        "git": "https://github.com/BenjaminRH/meteor-event-hooks.git",
        "tag": "v1.4.3",
        "commit": "ba4f3d7887748458618d29615492906f0c88d31c"
      },
      "crypto-base": {
        "git": "https://github.com/tmeasday/meteor-crypto-base.git",
        "tag": "v0.0.3",
        "commit": "fdc0b7b3d24e2e31c5c95beddafe890ffbaafd42"
      }
    }
  }
}
