{
  "meteor": {},
  "dependencies": {
    "basePackages": {
      "crypto-md5": {},
      "moment": {},
      "event-hooks": {},
      "iron-router": {}
    },
    "packages": {
      "crypto-md5": {
        "git": "https://github.com/tmeasday/meteor-crypto-md5.git",
        "tag": "v0.0.2",
        "commit": "a943bea4cffeac9a14c2825dfe57d32b9d677e6f"
      },
      "moment": {
        "git": "https://github.com/acreeger/meteor-moment.git",
        "tag": "v2.2.1",
        "commit": "9ee12e714afe56b189f53076447b7b54f3012065"
      },
      "event-hooks": {
        "git": "https://github.com/BenjaminRH/meteor-event-hooks.git",
        "tag": "v1.4.3",
        "commit": "ba4f3d7887748458618d29615492906f0c88d31c"
      },
      "iron-router": {
        "git": "https://github.com/EventedMind/iron-router.git",
        "tag": "v0.5.4",
        "commit": "3e0e22ff85630b7503d0daa1538c6d90abb84020"
      },
      "crypto-base": {
        "git": "https://github.com/tmeasday/meteor-crypto-base.git",
        "tag": "v0.0.3",
        "commit": "fdc0b7b3d24e2e31c5c95beddafe890ffbaafd42"
      }
    }
  }
}
